{
  "version": 4,
  "terraform_version": "1.9.8",
  "serial": 29,
  "lineage": "b2ab4670-c03a-dce4-6830-8c158948ef5f",
  "outputs": {},
  "resources": [
    {
      "mode": "managed",
      "type": "azurerm_backup_policy_vm",
      "name": "vm_backup",
      "provider": "provider[\"registry.terraform.io/hashicorp/azurerm\"]",
      "instances": [
        {
          "schema_version": 0,
          "attributes": {
            "backup": [
              {
                "frequency": "Daily",
                "hour_duration": 0,
                "hour_interval": 0,
                "time": "20:00",
                "weekdays": []
              }
            ],
            "id": "/subscriptions/de0065f2-2031-47e7-9704-2cc8de008e62/resourceGroups/cbtf-testRG/providers/Microsoft.RecoveryServices/vaults/test-recovery-vault/backupPolicies/vm-backup-policy-test",
            "instant_restore_resource_group": [],
            "instant_restore_retention_days": 2,
            "name": "vm-backup-policy-test",
            "policy_type": "V1",
            "recovery_vault_name": "test-recovery-vault",
            "resource_group_name": "cbtf-testRG",
            "retention_daily": [
              {
                "count": 7
              }
            ],
            "retention_monthly": [
              {
                "count": 12,
                "days": [],
                "include_last_days": false,
                "weekdays": [
                  "Sunday"
                ],
                "weeks": [
                  "First"
                ]
              }
            ],
            "retention_weekly": [],
            "retention_yearly": [],
            "tiering_policy": [],
            "timeouts": null,
            "timezone": "UTC"
          },
          "sensitive_attributes": [],
          "private": "eyJlMmJmYjczMC1lY2FhLTExZTYtOGY4OC0zNDM2M2JjN2M0YzAiOnsiY3JlYXRlIjoxODAwMDAwMDAwMDAwLCJkZWxldGUiOjE4MDAwMDAwMDAwMDAsInJlYWQiOjMwMDAwMDAwMDAwMCwidXBkYXRlIjoxODAwMDAwMDAwMDAwfX0=",
          "dependencies": [
            "azurerm_recovery_services_vault.recovery_vault"
          ]
        }
      ]
    },
    {
      "mode": "managed",
      "type": "azurerm_backup_protected_vm",
      "name": "test_vm_protected",
      "provider": "provider[\"registry.terraform.io/hashicorp/azurerm\"]",
      "instances": [
        {
          "index_key": 0,
          "schema_version": 0,
          "attributes": {
            "backup_policy_id": "/subscriptions/de0065f2-2031-47e7-9704-2cc8de008e62/resourceGroups/cbtf-testRG/providers/Microsoft.RecoveryServices/vaults/test-recovery-vault/backupPolicies/vm-backup-policy-test",
            "exclude_disk_luns": null,
            "id": "/subscriptions/de0065f2-2031-47e7-9704-2cc8de008e62/resourceGroups/cbtf-testRG/providers/Microsoft.RecoveryServices/vaults/test-recovery-vault/backupFabrics/Azure/protectionContainers/iaasvmcontainer;iaasvmcontainerv2;cbtf-testRG;test-vm-1/protectedItems/VM;iaasvmcontainerv2;cbtf-testRG;test-vm-1",
            "include_disk_luns": null,
            "protection_state": "IRPending",
            "recovery_vault_name": "test-recovery-vault",
            "resource_group_name": "cbtf-testRG",
            "source_vm_id": "/subscriptions/de0065f2-2031-47e7-9704-2cc8de008e62/resourceGroups/cbtf-testRG/providers/Microsoft.Compute/virtualMachines/test-vm-1",
            "timeouts": null
          },
          "sensitive_attributes": [],
          "private": "eyJlMmJmYjczMC1lY2FhLTExZTYtOGY4OC0zNDM2M2JjN2M0YzAiOnsiY3JlYXRlIjo3MjAwMDAwMDAwMDAwLCJkZWxldGUiOjQ4MDAwMDAwMDAwMDAsInJlYWQiOjMwMDAwMDAwMDAwMCwidXBkYXRlIjo3MjAwMDAwMDAwMDAwfX0=",
          "dependencies": [
            "azurerm_backup_policy_vm.vm_backup",
            "azurerm_network_interface.test_vm_nic",
            "azurerm_recovery_services_vault.recovery_vault",
            "azurerm_virtual_machine.test_vm"
          ]
        },
        {
          "index_key": 1,
          "schema_version": 0,
          "attributes": {
            "backup_policy_id": "/subscriptions/de0065f2-2031-47e7-9704-2cc8de008e62/resourceGroups/cbtf-testRG/providers/Microsoft.RecoveryServices/vaults/test-recovery-vault/backupPolicies/vm-backup-policy-test",
            "exclude_disk_luns": null,
            "id": "/subscriptions/de0065f2-2031-47e7-9704-2cc8de008e62/resourceGroups/cbtf-testRG/providers/Microsoft.RecoveryServices/vaults/test-recovery-vault/backupFabrics/Azure/protectionContainers/iaasvmcontainer;iaasvmcontainerv2;cbtf-testRG;test-vm-2/protectedItems/VM;iaasvmcontainerv2;cbtf-testRG;test-vm-2",
            "include_disk_luns": null,
            "protection_state": "IRPending",
            "recovery_vault_name": "test-recovery-vault",
            "resource_group_name": "cbtf-testRG",
            "source_vm_id": "/subscriptions/de0065f2-2031-47e7-9704-2cc8de008e62/resourceGroups/cbtf-testRG/providers/Microsoft.Compute/virtualMachines/test-vm-2",
            "timeouts": null
          },
          "sensitive_attributes": [],
          "private": "eyJlMmJmYjczMC1lY2FhLTExZTYtOGY4OC0zNDM2M2JjN2M0YzAiOnsiY3JlYXRlIjo3MjAwMDAwMDAwMDAwLCJkZWxldGUiOjQ4MDAwMDAwMDAwMDAsInJlYWQiOjMwMDAwMDAwMDAwMCwidXBkYXRlIjo3MjAwMDAwMDAwMDAwfX0=",
          "dependencies": [
            "azurerm_backup_policy_vm.vm_backup",
            "azurerm_network_interface.test_vm_nic",
            "azurerm_recovery_services_vault.recovery_vault",
            "azurerm_virtual_machine.test_vm"
          ]
        }
      ]
    },
    {
      "mode": "managed",
      "type": "azurerm_network_interface",
      "name": "test_vm_nic",
      "provider": "provider[\"registry.terraform.io/hashicorp/azurerm\"]",
      "instances": [
        {
          "index_key": 0,
          "schema_version": 0,
          "attributes": {
            "accelerated_networking_enabled": false,
            "applied_dns_servers": [],
            "auxiliary_mode": "",
            "auxiliary_sku": "",
            "dns_servers": [],
            "edge_zone": "",
            "id": "/subscriptions/de0065f2-2031-47e7-9704-2cc8de008e62/resourceGroups/cbtf-testRG/providers/Microsoft.Network/networkInterfaces/test-vm-nic-1",
            "internal_dns_name_label": "",
            "internal_domain_name_suffix": "s1lgvwuaum0eraiyy32hus2tff.fx.internal.cloudapp.net",
            "ip_configuration": [
              {
                "gateway_load_balancer_frontend_ip_configuration_id": "",
                "name": "test-vm-ip-1",
                "primary": true,
                "private_ip_address": "10.0.1.4",
                "private_ip_address_allocation": "Dynamic",
                "private_ip_address_version": "IPv4",
                "public_ip_address_id": "",
                "subnet_id": "/subscriptions/de0065f2-2031-47e7-9704-2cc8de008e62/resourceGroups/cbtf-testRG/providers/Microsoft.Network/virtualNetworks/test-vnet/subnets/test-subnet"
              }
            ],
            "ip_forwarding_enabled": false,
            "location": "northeurope",
            "mac_address": "60-45-BD-DE-7D-6C",
            "name": "test-vm-nic-1",
            "private_ip_address": "10.0.1.4",
            "private_ip_addresses": [
              "10.0.1.4"
            ],
            "resource_group_name": "cbtf-testRG",
            "tags": {},
            "timeouts": null,
            "virtual_machine_id": "/subscriptions/de0065f2-2031-47e7-9704-2cc8de008e62/resourceGroups/cbtf-testRG/providers/Microsoft.Compute/virtualMachines/test-vm-1"
          },
          "sensitive_attributes": [],
          "private": "eyJlMmJmYjczMC1lY2FhLTExZTYtOGY4OC0zNDM2M2JjN2M0YzAiOnsiY3JlYXRlIjoxODAwMDAwMDAwMDAwLCJkZWxldGUiOjE4MDAwMDAwMDAwMDAsInJlYWQiOjMwMDAwMDAwMDAwMCwidXBkYXRlIjoxODAwMDAwMDAwMDAwfX0=",
          "create_before_destroy": true
        },
        {
          "index_key": 1,
          "schema_version": 0,
          "attributes": {
            "accelerated_networking_enabled": false,
            "applied_dns_servers": [],
            "auxiliary_mode": "",
            "auxiliary_sku": "",
            "dns_servers": [],
            "edge_zone": "",
            "id": "/subscriptions/de0065f2-2031-47e7-9704-2cc8de008e62/resourceGroups/cbtf-testRG/providers/Microsoft.Network/networkInterfaces/test-vm-nic-2",
            "internal_dns_name_label": "",
            "internal_domain_name_suffix": "s1lgvwuaum0eraiyy32hus2tff.fx.internal.cloudapp.net",
            "ip_configuration": [
              {
                "gateway_load_balancer_frontend_ip_configuration_id": "",
                "name": "test-vm-ip-2",
                "primary": true,
                "private_ip_address": "10.0.1.5",
                "private_ip_address_allocation": "Dynamic",
                "private_ip_address_version": "IPv4",
                "public_ip_address_id": "",
                "subnet_id": "/subscriptions/de0065f2-2031-47e7-9704-2cc8de008e62/resourceGroups/cbtf-testRG/providers/Microsoft.Network/virtualNetworks/test-vnet/subnets/test-subnet"
              }
            ],
            "ip_forwarding_enabled": false,
            "location": "northeurope",
            "mac_address": "00-0D-3A-68-36-A5",
            "name": "test-vm-nic-2",
            "private_ip_address": "10.0.1.5",
            "private_ip_addresses": [
              "10.0.1.5"
            ],
            "resource_group_name": "cbtf-testRG",
            "tags": {},
            "timeouts": null,
            "virtual_machine_id": "/subscriptions/de0065f2-2031-47e7-9704-2cc8de008e62/resourceGroups/cbtf-testRG/providers/Microsoft.Compute/virtualMachines/test-vm-2"
          },
          "sensitive_attributes": [],
          "private": "eyJlMmJmYjczMC1lY2FhLTExZTYtOGY4OC0zNDM2M2JjN2M0YzAiOnsiY3JlYXRlIjoxODAwMDAwMDAwMDAwLCJkZWxldGUiOjE4MDAwMDAwMDAwMDAsInJlYWQiOjMwMDAwMDAwMDAwMCwidXBkYXRlIjoxODAwMDAwMDAwMDAwfX0=",
          "create_before_destroy": true
        }
      ]
    },
    {
      "mode": "managed",
      "type": "azurerm_network_interface_security_group_association",
      "name": "test-sec-asso",
      "provider": "provider[\"registry.terraform.io/hashicorp/azurerm\"]",
      "instances": [
        {
          "index_key": 1,
          "schema_version": 0,
          "attributes": {
            "id": "/subscriptions/de0065f2-2031-47e7-9704-2cc8de008e62/resourceGroups/cbtf-testRG/providers/Microsoft.Network/networkInterfaces/test-vm-nic-2|/subscriptions/de0065f2-2031-47e7-9704-2cc8de008e62/resourceGroups/cbtf-testRG/providers/Microsoft.Network/networkSecurityGroups/test-nsg",
            "network_interface_id": "/subscriptions/de0065f2-2031-47e7-9704-2cc8de008e62/resourceGroups/cbtf-testRG/providers/Microsoft.Network/networkInterfaces/test-vm-nic-2",
            "network_security_group_id": "/subscriptions/de0065f2-2031-47e7-9704-2cc8de008e62/resourceGroups/cbtf-testRG/providers/Microsoft.Network/networkSecurityGroups/test-nsg",
            "timeouts": null
          },
          "sensitive_attributes": [],
          "private": "eyJlMmJmYjczMC1lY2FhLTExZTYtOGY4OC0zNDM2M2JjN2M0YzAiOnsiY3JlYXRlIjoxODAwMDAwMDAwMDAwLCJkZWxldGUiOjE4MDAwMDAwMDAwMDAsInJlYWQiOjMwMDAwMDAwMDAwMH19",
          "dependencies": [
            "azurerm_network_interface.test_vm_nic",
            "azurerm_network_security_group.test_nsg"
          ]
        }
      ]
    },
    {
      "mode": "managed",
      "type": "azurerm_network_security_group",
      "name": "test_nsg",
      "provider": "provider[\"registry.terraform.io/hashicorp/azurerm\"]",
      "instances": [
        {
          "schema_version": 0,
          "attributes": {
            "id": "/subscriptions/de0065f2-2031-47e7-9704-2cc8de008e62/resourceGroups/cbtf-testRG/providers/Microsoft.Network/networkSecurityGroups/test-nsg",
            "location": "northeurope",
            "name": "test-nsg",
            "resource_group_name": "cbtf-testRG",
            "security_rule": [
              {
                "access": "Allow",
                "description": "",
                "destination_address_prefix": "*",
                "destination_address_prefixes": [],
                "destination_application_security_group_ids": [],
                "destination_port_range": "",
                "destination_port_ranges": [
                  "22"
                ],
                "direction": "Inbound",
                "name": "AllowSSH",
                "priority": 125,
                "protocol": "Tcp",
                "source_address_prefix": "*",
                "source_address_prefixes": [],
                "source_application_security_group_ids": [],
                "source_port_range": "*",
                "source_port_ranges": []
              },
              {
                "access": "Allow",
                "description": "",
                "destination_address_prefix": "*",
                "destination_address_prefixes": [],
                "destination_application_security_group_ids": [],
                "destination_port_range": "",
                "destination_port_ranges": [
                  "443"
                ],
                "direction": "Outbound",
                "name": "AllowOutboundHTTPS",
                "priority": 200,
                "protocol": "Tcp",
                "source_address_prefix": "*",
                "source_address_prefixes": [],
                "source_application_security_group_ids": [],
                "source_port_range": "*",
                "source_port_ranges": []
              },
              {
                "access": "Allow",
                "description": "",
                "destination_address_prefix": "*",
                "destination_address_prefixes": [],
                "destination_application_security_group_ids": [],
                "destination_port_range": "",
                "destination_port_ranges": [
                  "53"
                ],
                "direction": "Outbound",
                "name": "AllowOutboundDNS",
                "priority": 150,
                "protocol": "Udp",
                "source_address_prefix": "*",
                "source_address_prefixes": [],
                "source_application_security_group_ids": [],
                "source_port_range": "*",
                "source_port_ranges": []
              },
              {
                "access": "Allow",
                "description": "",
                "destination_address_prefix": "*",
                "destination_address_prefixes": [],
                "destination_application_security_group_ids": [],
                "destination_port_range": "",
                "destination_port_ranges": [
                  "80"
                ],
                "direction": "Outbound",
                "name": "AllowOutboundHTTP",
                "priority": 175,
                "protocol": "Tcp",
                "source_address_prefix": "*",
                "source_address_prefixes": [],
                "source_application_security_group_ids": [],
                "source_port_range": "*",
                "source_port_ranges": []
              }
            ],
            "tags": {},
            "timeouts": null
          },
          "sensitive_attributes": [],
          "private": "eyJlMmJmYjczMC1lY2FhLTExZTYtOGY4OC0zNDM2M2JjN2M0YzAiOnsiY3JlYXRlIjoxODAwMDAwMDAwMDAwLCJkZWxldGUiOjE4MDAwMDAwMDAwMDAsInJlYWQiOjMwMDAwMDAwMDAwMCwidXBkYXRlIjoxODAwMDAwMDAwMDAwfX0="
        }
      ]
    },
    {
      "mode": "managed",
      "type": "azurerm_public_ip",
      "name": "test_vm_ip",
      "provider": "provider[\"registry.terraform.io/hashicorp/azurerm\"]",
      "instances": [
        {
          "index_key": 0,
          "schema_version": 0,
          "attributes": {
            "allocation_method": "Static",
            "ddos_protection_mode": "VirtualNetworkInherited",
            "ddos_protection_plan_id": null,
            "domain_name_label": null,
            "edge_zone": "",
            "fqdn": null,
            "id": "/subscriptions/de0065f2-2031-47e7-9704-2cc8de008e62/resourceGroups/cbtf-testRG/providers/Microsoft.Network/publicIPAddresses/test-vm-ip-1",
            "idle_timeout_in_minutes": 4,
            "ip_address": "52.169.144.249",
            "ip_tags": {},
            "ip_version": "IPv4",
            "location": "northeurope",
            "name": "test-vm-ip-1",
            "public_ip_prefix_id": null,
            "resource_group_name": "cbtf-testRG",
            "reverse_fqdn": null,
            "sku": "Standard",
            "sku_tier": "Regional",
            "tags": {},
            "timeouts": null,
            "zones": []
          },
          "sensitive_attributes": [],
          "private": "eyJlMmJmYjczMC1lY2FhLTExZTYtOGY4OC0zNDM2M2JjN2M0YzAiOnsiY3JlYXRlIjoxODAwMDAwMDAwMDAwLCJkZWxldGUiOjE4MDAwMDAwMDAwMDAsInJlYWQiOjMwMDAwMDAwMDAwMCwidXBkYXRlIjoxODAwMDAwMDAwMDAwfX0="
        },
        {
          "index_key": 1,
          "schema_version": 0,
          "attributes": {
            "allocation_method": "Static",
            "ddos_protection_mode": "VirtualNetworkInherited",
            "ddos_protection_plan_id": null,
            "domain_name_label": null,
            "edge_zone": "",
            "fqdn": null,
            "id": "/subscriptions/de0065f2-2031-47e7-9704-2cc8de008e62/resourceGroups/cbtf-testRG/providers/Microsoft.Network/publicIPAddresses/test-vm-ip-2",
            "idle_timeout_in_minutes": 4,
            "ip_address": "13.74.144.181",
            "ip_tags": {},
            "ip_version": "IPv4",
            "location": "northeurope",
            "name": "test-vm-ip-2",
            "public_ip_prefix_id": null,
            "resource_group_name": "cbtf-testRG",
            "reverse_fqdn": null,
            "sku": "Standard",
            "sku_tier": "Regional",
            "tags": {},
            "timeouts": null,
            "zones": []
          },
          "sensitive_attributes": [],
          "private": "eyJlMmJmYjczMC1lY2FhLTExZTYtOGY4OC0zNDM2M2JjN2M0YzAiOnsiY3JlYXRlIjoxODAwMDAwMDAwMDAwLCJkZWxldGUiOjE4MDAwMDAwMDAwMDAsInJlYWQiOjMwMDAwMDAwMDAwMCwidXBkYXRlIjoxODAwMDAwMDAwMDAwfX0="
        }
      ]
    },
    {
      "mode": "managed",
      "type": "azurerm_recovery_services_vault",
      "name": "recovery_vault",
      "provider": "provider[\"registry.terraform.io/hashicorp/azurerm\"]",
      "instances": [
        {
          "schema_version": 0,
          "attributes": {
            "classic_vmware_replication_enabled": false,
            "cross_region_restore_enabled": false,
            "encryption": [],
            "id": "/subscriptions/de0065f2-2031-47e7-9704-2cc8de008e62/resourceGroups/cbtf-testRG/providers/Microsoft.RecoveryServices/vaults/test-recovery-vault",
            "identity": [],
            "immutability": "Disabled",
            "location": "northeurope",
            "monitoring": [],
            "name": "test-recovery-vault",
            "public_network_access_enabled": true,
            "resource_group_name": "cbtf-testRG",
            "sku": "Standard",
            "soft_delete_enabled": true,
            "storage_mode_type": "GeoRedundant",
            "tags": {},
            "timeouts": null
          },
          "sensitive_attributes": [],
          "private": "eyJlMmJmYjczMC1lY2FhLTExZTYtOGY4OC0zNDM2M2JjN2M0YzAiOnsiY3JlYXRlIjo3MjAwMDAwMDAwMDAwLCJkZWxldGUiOjE4MDAwMDAwMDAwMDAsInJlYWQiOjMwMDAwMDAwMDAwMCwidXBkYXRlIjozNjAwMDAwMDAwMDAwfX0="
        }
      ]
    },
    {
      "mode": "managed",
      "type": "azurerm_virtual_machine",
      "name": "test_vm",
      "provider": "provider[\"registry.terraform.io/hashicorp/azurerm\"]",
      "instances": [
        {
          "index_key": 0,
          "schema_version": 0,
          "attributes": {
            "additional_capabilities": [],
            "availability_set_id": null,
            "boot_diagnostics": [],
            "delete_data_disks_on_termination": true,
            "delete_os_disk_on_termination": true,
            "id": "/subscriptions/de0065f2-2031-47e7-9704-2cc8de008e62/resourceGroups/cbtf-testRG/providers/Microsoft.Compute/virtualMachines/test-vm-1",
            "identity": [],
            "license_type": null,
            "location": "northeurope",
            "name": "test-vm-1",
            "network_interface_ids": [
              "/subscriptions/de0065f2-2031-47e7-9704-2cc8de008e62/resourceGroups/cbtf-testRG/providers/Microsoft.Network/networkInterfaces/test-vm-nic-1"
            ],
            "os_profile": [
              {
                "admin_password": "",
                "admin_username": "azureuser",
                "computer_name": "testvm1",
                "custom_data": ""
              }
            ],
            "os_profile_linux_config": [
              {
                "disable_password_authentication": false,
                "ssh_keys": []
              }
            ],
            "os_profile_secrets": [],
            "os_profile_windows_config": [],
            "plan": [],
            "primary_network_interface_id": null,
            "proximity_placement_group_id": null,
            "resource_group_name": "cbtf-testRG",
            "storage_data_disk": [],
            "storage_image_reference": [
              {
                "id": "",
                "offer": "0001-com-ubuntu-server-jammy",
                "publisher": "Canonical",
                "sku": "22_04-lts",
                "version": "latest"
              }
            ],
            "storage_os_disk": [
              {
                "caching": "ReadWrite",
                "create_option": "FromImage",
                "disk_size_gb": 30,
                "image_uri": "",
                "managed_disk_id": "/subscriptions/de0065f2-2031-47e7-9704-2cc8de008e62/resourceGroups/cbtf-testRG/providers/Microsoft.Compute/disks/test-vm-osdisk-1",
                "managed_disk_type": "Standard_LRS",
                "name": "test-vm-osdisk-1",
                "os_type": "Linux",
                "vhd_uri": "",
                "write_accelerator_enabled": false
              }
            ],
            "tags": {},
            "timeouts": null,
            "vm_size": "Standard_B1s",
            "zones": []
          },
          "sensitive_attributes": [
            [
              {
                "type": "get_attr",
                "value": "os_profile"
              }
            ]
          ],
          "private": "eyJlMmJmYjczMC1lY2FhLTExZTYtOGY4OC0zNDM2M2JjN2M0YzAiOnsiY3JlYXRlIjozNjAwMDAwMDAwMDAwLCJkZWxldGUiOjM2MDAwMDAwMDAwMDAsInJlYWQiOjMwMDAwMDAwMDAwMCwidXBkYXRlIjozNjAwMDAwMDAwMDAwfX0=",
          "dependencies": [
            "azurerm_network_interface.test_vm_nic"
          ],
          "create_before_destroy": true
        },
        {
          "index_key": 1,
          "schema_version": 0,
          "attributes": {
            "additional_capabilities": [],
            "availability_set_id": null,
            "boot_diagnostics": [],
            "delete_data_disks_on_termination": true,
            "delete_os_disk_on_termination": true,
            "id": "/subscriptions/de0065f2-2031-47e7-9704-2cc8de008e62/resourceGroups/cbtf-testRG/providers/Microsoft.Compute/virtualMachines/test-vm-2",
            "identity": [],
            "license_type": null,
            "location": "northeurope",
            "name": "test-vm-2",
            "network_interface_ids": [
              "/subscriptions/de0065f2-2031-47e7-9704-2cc8de008e62/resourceGroups/cbtf-testRG/providers/Microsoft.Network/networkInterfaces/test-vm-nic-2"
            ],
            "os_profile": [
              {
                "admin_password": "",
                "admin_username": "azureuser",
                "computer_name": "testvm2",
                "custom_data": ""
              }
            ],
            "os_profile_linux_config": [
              {
                "disable_password_authentication": false,
                "ssh_keys": []
              }
            ],
            "os_profile_secrets": [],
            "os_profile_windows_config": [],
            "plan": [],
            "primary_network_interface_id": null,
            "proximity_placement_group_id": null,
            "resource_group_name": "cbtf-testRG",
            "storage_data_disk": [],
            "storage_image_reference": [
              {
                "id": "",
                "offer": "0001-com-ubuntu-server-jammy",
                "publisher": "Canonical",
                "sku": "22_04-lts",
                "version": "latest"
              }
            ],
            "storage_os_disk": [
              {
                "caching": "ReadWrite",
                "create_option": "FromImage",
                "disk_size_gb": 30,
                "image_uri": "",
                "managed_disk_id": "/subscriptions/de0065f2-2031-47e7-9704-2cc8de008e62/resourceGroups/cbtf-testRG/providers/Microsoft.Compute/disks/test-vm-osdisk-2",
                "managed_disk_type": "Standard_LRS",
                "name": "test-vm-osdisk-2",
                "os_type": "Linux",
                "vhd_uri": "",
                "write_accelerator_enabled": false
              }
            ],
            "tags": {},
            "timeouts": null,
            "vm_size": "Standard_B1s",
            "zones": []
          },
          "sensitive_attributes": [
            [
              {
                "type": "get_attr",
                "value": "os_profile"
              }
            ]
          ],
          "private": "eyJlMmJmYjczMC1lY2FhLTExZTYtOGY4OC0zNDM2M2JjN2M0YzAiOnsiY3JlYXRlIjozNjAwMDAwMDAwMDAwLCJkZWxldGUiOjM2MDAwMDAwMDAwMDAsInJlYWQiOjMwMDAwMDAwMDAwMCwidXBkYXRlIjozNjAwMDAwMDAwMDAwfX0=",
          "dependencies": [
            "azurerm_network_interface.test_vm_nic"
          ],
          "create_before_destroy": true
        }
      ]
    }
  ],
  "check_results": null
}
